speakeasyVersion: 1.352.2
sources:
    my-source:
        sourceNamespace: my-source
        sourceRevisionDigest: sha256:e314b47b652a64b977817b2c565011d8b4df2bdfb6a989f075c7353f5dd4606e
        sourceBlobDigest: sha256:5c62c02f4c0387e937404bc3682aac05b486b02f6535e5a8af1133b3053ff1e7
        tags:
            - latest
            - main
targets:
    conductorone-go:
        source: my-source
        sourceNamespace: my-source
        sourceRevisionDigest: sha256:e314b47b652a64b977817b2c565011d8b4df2bdfb6a989f075c7353f5dd4606e
        sourceBlobDigest: sha256:5c62c02f4c0387e937404bc3682aac05b486b02f6535e5a8af1133b3053ff1e7
        outLocation: /github/workspace/repo
workflow:
    workflowVersion: 1.0.0
    speakeasyVersion: latest
    sources:
        my-source:
            inputs:
                - location: https://insulator.conductor.one/api/v1/openapi.yaml
            registry:
                location: registry.speakeasyapi.dev/conductor-one/conductorone/my-source
    targets:
        conductorone-go:
            target: go
            source: my-source
