speakeasyVersion: 1.683.0
sources:
    my-source:
        sourceNamespace: my-source
        sourceRevisionDigest: sha256:a3a7a54c78e9766ae6401ecc3787c4cdb730cea39d36e6e052e074fd033c2bce
        sourceBlobDigest: sha256:83701adda0669016a7bdde10340ad842b47dc99567e4989725a5ad554343b665
        tags:
            - latest
            - speakeasy-sdk-regen-1758758985
            - 0.1.0-alpha
targets:
    conductorone-go:
        source: my-source
        sourceNamespace: my-source
        sourceRevisionDigest: sha256:a3a7a54c78e9766ae6401ecc3787c4cdb730cea39d36e6e052e074fd033c2bce
        sourceBlobDigest: sha256:83701adda0669016a7bdde10340ad842b47dc99567e4989725a5ad554343b665
        codeSamplesNamespace: my-source-go-code-samples
        codeSamplesRevisionDigest: sha256:bd941920c6bb450deba2471ed7582da61911476fa48119eb0e94a7b602d39986
workflow:
    workflowVersion: 1.0.0
    speakeasyVersion: latest
    sources:
        my-source:
            inputs:
                - location: https://insulator.conductor.one/api/v1/openapi.yaml
            registry:
                location: registry.speakeasyapi.dev/conductor-one/conductorone/my-source
    targets:
        conductorone-go:
            target: go
            source: my-source
            codeSamples:
                registry:
                    location: registry.speakeasyapi.dev/conductor-one/conductorone/my-source-go-code-samples
                blocking: false
