speakeasyVersion: 1.685.0
sources:
    my-source:
        sourceNamespace: my-source
        sourceRevisionDigest: sha256:df39f529d179aacf32d993db09caa65ef17548a20cc17bdb61534762b3df0cde
        sourceBlobDigest: sha256:92188d20fcd94bc4da58267bda8cf8c6c158467c4179134de270f3e6a0f7d74c
        tags:
            - latest
            - speakeasy-sdk-regen-1768003734
            - 0.1.0-alpha
targets:
    conductorone-go:
        source: my-source
        sourceNamespace: my-source
        sourceRevisionDigest: sha256:df39f529d179aacf32d993db09caa65ef17548a20cc17bdb61534762b3df0cde
        sourceBlobDigest: sha256:92188d20fcd94bc4da58267bda8cf8c6c158467c4179134de270f3e6a0f7d74c
        codeSamplesNamespace: my-source-go-code-samples
        codeSamplesRevisionDigest: sha256:28784a2f86a3172d75aa2d8a1443527cc3c0e61e4007cd2c91c86b8161016964
workflow:
    workflowVersion: 1.0.0
    speakeasyVersion: latest
    sources:
        my-source:
            inputs:
                - location: https://insulator.conductor.one/api/v1/openapi.yaml
            registry:
                location: registry.speakeasyapi.dev/conductor-one/conductorone/my-source
    targets:
        conductorone-go:
            target: go
            source: my-source
            codeSamples:
                registry:
                    location: registry.speakeasyapi.dev/conductor-one/conductorone/my-source-go-code-samples
                blocking: false
